
Microsoft Visual Studio Solution File, Format Version 12.00
# Visual Studio Version 16
VisualStudioVersion = 16.0.31205.134
MinimumVisualStudioVersion = 10.0.40219.1
Project("{9A19103F-16F7-4668-BE54-9A1E7A4F7556}") = "ProgramacaoFuncionalDotNet", "ProgramacaoFuncionalDotNet\ProgramacaoFuncionalDotNet.csproj", "{18E2ABFC-FC63-4F4C-85B8-8FA9ABE01A70}"
EndProject
Project("{FAE04EC0-301F-11D3-BF4B-00C04F79EFBC}") = "Componentes", "Componentes\Componentes.csproj", "{581B6646-E9B2-49D9-A20A-1EF65757F6B4}"
EndProject
Global
	GlobalSection(SolutionConfigurationPlatforms) = preSolution
		Debug|Any CPU = Debug|Any CPU
		Release|Any CPU = Release|Any CPU
	EndGlobalSection
	GlobalSection(ProjectConfigurationPlatforms) = postSolution
		{18E2ABFC-FC63-4F4C-85B8-8FA9ABE01A70}.Debug|Any CPU.ActiveCfg = Debug|Any CPU
		{18E2ABFC-FC63-4F4C-85B8-8FA9ABE01A70}.Debug|Any CPU.Build.0 = Debug|Any CPU
		{18E2ABFC-FC63-4F4C-85B8-8FA9ABE01A70}.Release|Any CPU.ActiveCfg = Release|Any CPU
		{18E2ABFC-FC63-4F4C-85B8-8FA9ABE01A70}.Release|Any CPU.Build.0 = Release|Any CPU
		{581B6646-E9B2-49D9-A20A-1EF65757F6B4}.Debug|Any CPU.ActiveCfg = Debug|Any CPU
		{581B6646-E9B2-49D9-A20A-1EF65757F6B4}.Debug|Any CPU.Build.0 = Debug|Any CPU
		{581B6646-E9B2-49D9-A20A-1EF65757F6B4}.Release|Any CPU.ActiveCfg = Release|Any CPU
		{581B6646-E9B2-49D9-A20A-1EF65757F6B4}.Release|Any CPU.Build.0 = Release|Any CPU
	EndGlobalSection
	GlobalSection(SolutionProperties) = preSolution
		HideSolutionNode = FALSE
	EndGlobalSection
	GlobalSection(ExtensibilityGlobals) = postSolution
		SolutionGuid = {B00ED309-BF35-4C81-8D8C-4C4C852153F8}
	EndGlobalSection
EndGlobal
